{
  "name": "pokedextryout",
  "version": "1.0.0",
  "lockfileVersion": 3,
  "requires": true,
  "packages": {
    "": {
      "name": "pokedextryout",
      "version": "1.0.0",
      "license": "ISC",
      "dependencies": {
        "shepherd.js": "^10.0.1"
      }
    },
    "node_modules/@popperjs/core": {
      "version": "2.11.8",
      "resolved": "https://registry.npmjs.org/@popperjs/core/-/core-2.11.8.tgz",
      "integrity": "sha512-P1st0aksCrn9sGZhp8GMYwBnQsbvAWsZAX44oXNNvLHGqAOcoVxmjZiohstwQ7SqKnbR47akdNi+uleWD8+g6A==",
      "funding": {
        "type": "opencollective",
        "url": "https://opencollective.com/popperjs"
      }
    },
    "node_modules/deepmerge": {
      "version": "4.3.1",
      "resolved": "https://registry.npmjs.org/deepmerge/-/deepmerge-4.3.1.tgz",
      "integrity": "sha512-3sUqbMEc77XqpdNO7FRyRog+eW3ph+GYCbj+rK+uYyRMuwsVy0rMiVtPn+QJlKFvWP/1PYpapqYn0Me2knFn+A==",
      "engines": {
        "node": ">=0.10.0"
      }
    },
    "node_modules/shepherd.js": {
      "version": "10.0.1",
      "resolved": "https://registry.npmjs.org/shepherd.js/-/shepherd.js-10.0.1.tgz",
      "integrity": "sha512-R32v4b4b0N1gK/vxvRtdhty+SBZlBPcPTSYCwcaAQvFd0n6Xki7cRH6Sx0oD9WB/HCkqCNM1msyIyylXmq635w==",
      "dependencies": {
        "@popperjs/core": "^2.11.5",
        "deepmerge": "^4.2.2",
        "smoothscroll-polyfill": "^0.4.4"
      },
      "engines": {
        "node": "12.* || 14.* || >= 16"
      },
      "funding": {
        "type": "individual",
        "url": "https://github.com/sponsors/rwwagner90"
      }
    },
    "node_modules/smoothscroll-polyfill": {
      "version": "0.4.4",
      "resolved": "https://registry.npmjs.org/smoothscroll-polyfill/-/smoothscroll-polyfill-0.4.4.tgz",
      "integrity": "sha512-TK5ZA9U5RqCwMpfoMq/l1mrH0JAR7y7KRvOBx0n2869aLxch+gT9GhN3yUfjiw+d/DiF1mKo14+hd62JyMmoBg=="
    }
  }
}
